
Microsoft Visual Studio Solution File, Format Version 12.00
# Visual Studio Version 17
VisualStudioVersion = 17.4.33213.308
MinimumVisualStudioVersion = 10.0.40219.1
Project("{FAE04EC0-301F-11D3-BF4B-00C04F79EFBC}") = "ClassLibraryPassword", "ClassLibraryPassword.csproj", "{42A721A8-394D-495F-AE0C-560352ADCA73}"
EndProject
Project("{FAE04EC0-301F-11D3-BF4B-00C04F79EFBC}") = "ClassLibraryPasswordTests", "..\ClassLibraryPasswordTests\ClassLibraryPasswordTests.csproj", "{3E384A70-821A-4888-9EBB-17107523EB9A}"
EndProject
Global
	GlobalSection(SolutionConfigurationPlatforms) = preSolution
		Debug|Any CPU = Debug|Any CPU
		Release|Any CPU = Release|Any CPU
	EndGlobalSection
	GlobalSection(ProjectConfigurationPlatforms) = postSolution
		{42A721A8-394D-495F-AE0C-560352ADCA73}.Debug|Any CPU.ActiveCfg = Debug|Any CPU
		{42A721A8-394D-495F-AE0C-560352ADCA73}.Debug|Any CPU.Build.0 = Debug|Any CPU
		{42A721A8-394D-495F-AE0C-560352ADCA73}.Release|Any CPU.ActiveCfg = Release|Any CPU
		{42A721A8-394D-495F-AE0C-560352ADCA73}.Release|Any CPU.Build.0 = Release|Any CPU
		{3E384A70-821A-4888-9EBB-17107523EB9A}.Debug|Any CPU.ActiveCfg = Debug|Any CPU
		{3E384A70-821A-4888-9EBB-17107523EB9A}.Debug|Any CPU.Build.0 = Debug|Any CPU
		{3E384A70-821A-4888-9EBB-17107523EB9A}.Release|Any CPU.ActiveCfg = Release|Any CPU
		{3E384A70-821A-4888-9EBB-17107523EB9A}.Release|Any CPU.Build.0 = Release|Any CPU
	EndGlobalSection
	GlobalSection(SolutionProperties) = preSolution
		HideSolutionNode = FALSE
	EndGlobalSection
	GlobalSection(ExtensibilityGlobals) = postSolution
		SolutionGuid = {1B33EE76-D2E2-4899-AF80-7D8AB8F266C6}
	EndGlobalSection
EndGlobal
